
Microsoft Visual Studio Solution File, Format Version 12.00
# Visual Studio Version 17
VisualStudioVersion = 17.5.33424.131
MinimumVisualStudioVersion = 10.0.40219.1
Project("{F2A71F9B-5D33-465A-A702-920D77279786}") = "Task5", "Task5\Task5.fsproj", "{FAD28E9E-D62E-4969-9D63-C260B9F1FF4C}"
EndProject
Global
	GlobalSection(SolutionConfigurationPlatforms) = preSolution
		Debug|Any CPU = Debug|Any CPU
		Release|Any CPU = Release|Any CPU
	EndGlobalSection
	GlobalSection(ProjectConfigurationPlatforms) = postSolution
		{FAD28E9E-D62E-4969-9D63-C260B9F1FF4C}.Debug|Any CPU.ActiveCfg = Debug|Any CPU
		{FAD28E9E-D62E-4969-9D63-C260B9F1FF4C}.Debug|Any CPU.Build.0 = Debug|Any CPU
		{FAD28E9E-D62E-4969-9D63-C260B9F1FF4C}.Release|Any CPU.ActiveCfg = Release|Any CPU
		{FAD28E9E-D62E-4969-9D63-C260B9F1FF4C}.Release|Any CPU.Build.0 = Release|Any CPU
	EndGlobalSection
	GlobalSection(SolutionProperties) = preSolution
		HideSolutionNode = FALSE
	EndGlobalSection
	GlobalSection(ExtensibilityGlobals) = postSolution
		SolutionGuid = {3587826E-DF31-4F28-AB9A-E6A8CA2D29F2}
	EndGlobalSection
EndGlobal
